
Microsoft Visual Studio Solution File, Format Version 12.00
# Visual Studio 2013
VisualStudioVersion = 12.0.31101.0
MinimumVisualStudioVersion = 10.0.40219.1
Project("{FAE04EC0-301F-11D3-BF4B-00C04F79EFBC}") = "MVCIocExample", "MVCIocExample\MVCIocExample.csproj", "{F5D603CB-E2A5-455A-AA31-FFDA34D23174}"
EndProject
Project("{FAE04EC0-301F-11D3-BF4B-00C04F79EFBC}") = "MVCIocExample.Tests", "MVCIocExample.Tests\MVCIocExample.Tests.csproj", "{AFD7606A-3014-4E32-9535-E2325B23E859}"
EndProject
Global
	GlobalSection(SolutionConfigurationPlatforms) = preSolution
		Debug|Any CPU = Debug|Any CPU
		Release|Any CPU = Release|Any CPU
	EndGlobalSection
	GlobalSection(ProjectConfigurationPlatforms) = postSolution
		{F5D603CB-E2A5-455A-AA31-FFDA34D23174}.Debug|Any CPU.ActiveCfg = Debug|Any CPU
		{F5D603CB-E2A5-455A-AA31-FFDA34D23174}.Debug|Any CPU.Build.0 = Debug|Any CPU
		{F5D603CB-E2A5-455A-AA31-FFDA34D23174}.Release|Any CPU.ActiveCfg = Release|Any CPU
		{F5D603CB-E2A5-455A-AA31-FFDA34D23174}.Release|Any CPU.Build.0 = Release|Any CPU
		{AFD7606A-3014-4E32-9535-E2325B23E859}.Debug|Any CPU.ActiveCfg = Debug|Any CPU
		{AFD7606A-3014-4E32-9535-E2325B23E859}.Debug|Any CPU.Build.0 = Debug|Any CPU
		{AFD7606A-3014-4E32-9535-E2325B23E859}.Release|Any CPU.ActiveCfg = Release|Any CPU
		{AFD7606A-3014-4E32-9535-E2325B23E859}.Release|Any CPU.Build.0 = Release|Any CPU
	EndGlobalSection
	GlobalSection(SolutionProperties) = preSolution
		HideSolutionNode = FALSE
	EndGlobalSection
	GlobalSection(ExtensibilityGlobals) = postSolution
		EnterpriseLibraryConfigurationToolBinariesPath = packages\Unity.2.1.505.0\lib\NET35
	EndGlobalSection
EndGlobal
